// !$*UTF8*$!
{
	archiveVersion = 1;
	classes = {
	};
	objectVersion = 46;
	objects = {

/* Begin PBXBuildFile section */
		8810DB631523974A00FD2779 /* avatar@2x.png in Resources */ = {isa = PBXBuildFile; fileRef = 8810DB611523974A00FD2779 /* avatar@2x.png */; };
		8810DB641523974A00FD2779 /* avatar.png in Resources */ = {isa = PBXBuildFile; fileRef = 8810DB621523974A00FD2779 /* avatar.png */; };
		881D8BAF15219F66002E550C /* SWSignUpViewController.m in Sources */ = {isa = PBXBuildFile; fileRef = 881D8BAE15219F66002E550C /* SWSignUpViewController.m */; };
		881D8BB215219F74002E550C /* SWLoginViewController.m in Sources */ = {isa = PBXBuildFile; fileRef = 881D8BB115219F74002E550C /* SWLoginViewController.m */; };
		881D8BBE15226E09002E550C /* logo@2x.png in Resources */ = {isa = PBXBuildFile; fileRef = 881D8BBD15226E09002E550C /* logo@2x.png */; };
		881D8BC015226E0C002E550C /* logo.png in Resources */ = {isa = PBXBuildFile; fileRef = 881D8BBF15226E0C002E550C /* logo.png */; };
		881D8BC315227062002E550C /* SWFriendListTableViewController.m in Sources */ = {isa = PBXBuildFile; fileRef = 881D8BC215227062002E550C /* SWFriendListTableViewController.m */; };
		881D8BD1152278E8002E550C /* SWFriendCell.m in Sources */ = {isa = PBXBuildFile; fileRef = 881D8BD0152278E8002E550C /* SWFriendCell.m */; };
		88462645152120420066A45F /* UIKit.framework in Frameworks */ = {isa = PBXBuildFile; fileRef = 88462644152120420066A45F /* UIKit.framework */; };
		88462647152120420066A45F /* Foundation.framework in Frameworks */ = {isa = PBXBuildFile; fileRef = 88462646152120420066A45F /* Foundation.framework */; };
		8846264F152120420066A45F /* InfoPlist.strings in Resources */ = {isa = PBXBuildFile; fileRef = 8846264D152120420066A45F /* InfoPlist.strings */; };
		88462651152120420066A45F /* main.m in Sources */ = {isa = PBXBuildFile; fileRef = 88462650152120420066A45F /* main.m */; };
		88462655152120420066A45F /* SWAppDelegate.m in Sources */ = {isa = PBXBuildFile; fileRef = 88462654152120420066A45F /* SWAppDelegate.m */; };
		88462658152120420066A45F /* MainStoryboard.storyboard in Resources */ = {isa = PBXBuildFile; fileRef = 88462656152120420066A45F /* MainStoryboard.storyboard */; };
		88462682152125C80066A45F /* settings.png in Resources */ = {isa = PBXBuildFile; fileRef = 88462680152125C80066A45F /* settings.png */; };
		88462683152125C80066A45F /* settings@2x.png in Resources */ = {isa = PBXBuildFile; fileRef = 88462681152125C80066A45F /* settings@2x.png */; };
		88462685152129B30066A45F /* Parse.framework in Frameworks */ = {isa = PBXBuildFile; fileRef = 88462684152129B30066A45F /* Parse.framework */; };
		8849F7851529787200B2BE98 /* radar.png in Resources */ = {isa = PBXBuildFile; fileRef = 8849F7841529787200B2BE98 /* radar.png */; };
		8849F7881529787600B2BE98 /* radar@2x.png in Resources */ = {isa = PBXBuildFile; fileRef = 8849F7871529787600B2BE98 /* radar@2x.png */; };
		8849F7961529860D00B2BE98 /* SWUserDetailViewController.m in Sources */ = {isa = PBXBuildFile; fileRef = 8849F7951529860D00B2BE98 /* SWUserDetailViewController.m */; };
		8849F79D15298FB800B2BE98 /* SWFriendRequestViewController.m in Sources */ = {isa = PBXBuildFile; fileRef = 8849F79C15298FB800B2BE98 /* SWFriendRequestViewController.m */; };
		8849F7A7152A126000B2BE98 /* button_gloss_pressed.png in Resources */ = {isa = PBXBuildFile; fileRef = 8849F7A3152A126000B2BE98 /* button_gloss_pressed.png */; };
		8849F7A8152A126000B2BE98 /* button_gloss_pressed@2x.png in Resources */ = {isa = PBXBuildFile; fileRef = 8849F7A4152A126000B2BE98 /* button_gloss_pressed@2x.png */; };
		8849F7A9152A126000B2BE98 /* button_gloss.png in Resources */ = {isa = PBXBuildFile; fileRef = 8849F7A5152A126000B2BE98 /* button_gloss.png */; };
		8849F7AA152A126000B2BE98 /* button_gloss@2x.png in Resources */ = {isa = PBXBuildFile; fileRef = 8849F7A6152A126000B2BE98 /* button_gloss@2x.png */; };
		8849F7AC152A19A300B2BE98 /* button_gloss_full.png in Resources */ = {isa = PBXBuildFile; fileRef = 8849F7AB152A19A300B2BE98 /* button_gloss_full.png */; };
		8849F7AF152A29EF00B2BE98 /* SWPingDetailViewController.m in Sources */ = {isa = PBXBuildFile; fileRef = 8849F7AE152A29EF00B2BE98 /* SWPingDetailViewController.m */; };
		8849F7B5152A30B400B2BE98 /* facebookLogo.png in Resources */ = {isa = PBXBuildFile; fileRef = 8849F7B4152A30B400B2BE98 /* facebookLogo.png */; };
		8849F7B7152A324A00B2BE98 /* fbLogoSpaced.png in Resources */ = {isa = PBXBuildFile; fileRef = 8849F7B6152A324A00B2BE98 /* fbLogoSpaced.png */; };
		8849F7B9152A32EC00B2BE98 /* fbLogoSpaced@2x.png in Resources */ = {isa = PBXBuildFile; fileRef = 8849F7B8152A32EC00B2BE98 /* fbLogoSpaced@2x.png */; };
		8849F7BD152A3CF700B2BE98 /* SWFindFriendsTableViewController.m in Sources */ = {isa = PBXBuildFile; fileRef = 8849F7BC152A3CF700B2BE98 /* SWFindFriendsTableViewController.m */; };
		8849F7C0152A3DF600B2BE98 /* SWAddFriendCell.m in Sources */ = {isa = PBXBuildFile; fileRef = 8849F7BF152A3DF600B2BE98 /* SWAddFriendCell.m */; };
		8849F7C6152A440F00B2BE98 /* Default.png in Resources */ = {isa = PBXBuildFile; fileRef = 8849F7C5152A440E00B2BE98 /* Default.png */; };
		8849F7C8152A441200B2BE98 /* Default@2x.png in Resources */ = {isa = PBXBuildFile; fileRef = 8849F7C7152A441200B2BE98 /* Default@2x.png */; };
		887A119015295AC0006F0A80 /* QuartzCore.framework in Frameworks */ = {isa = PBXBuildFile; fileRef = 887A118F15295AC0006F0A80 /* QuartzCore.framework */; };
		887A119115295AD4006F0A80 /* CoreLocation.framework in Frameworks */ = {isa = PBXBuildFile; fileRef = 88462674152121CF0066A45F /* CoreLocation.framework */; };
		887A119315295CEA006F0A80 /* AudioToolbox.framework in Frameworks */ = {isa = PBXBuildFile; fileRef = 887A119215295CEA006F0A80 /* AudioToolbox.framework */; };
		887A119415295CF0006F0A80 /* CFNetwork.framework in Frameworks */ = {isa = PBXBuildFile; fileRef = 88462670152121C10066A45F /* CFNetwork.framework */; };
		887A119E15295D23006F0A80 /* Security.framework in Frameworks */ = {isa = PBXBuildFile; fileRef = 887A119C15295D0F006F0A80 /* Security.framework */; };
		887A119F15295D23006F0A80 /* libz.1.1.3.dylib in Frameworks */ = {isa = PBXBuildFile; fileRef = 887A119A15295D0A006F0A80 /* libz.1.1.3.dylib */; };
		887A11A015295D23006F0A80 /* MobileCoreServices.framework in Frameworks */ = {isa = PBXBuildFile; fileRef = 887A119715295CFD006F0A80 /* MobileCoreServices.framework */; };
		887A11A115295D23006F0A80 /* SystemConfiguration.framework in Frameworks */ = {isa = PBXBuildFile; fileRef = 887A119515295CF8006F0A80 /* SystemConfiguration.framework */; };
		887A11A215295D3D006F0A80 /* CoreGraphics.framework in Frameworks */ = {isa = PBXBuildFile; fileRef = 88462648152120420066A45F /* CoreGraphics.framework */; };
		887A11A515295E5D006F0A80 /* MapKit.framework in Frameworks */ = {isa = PBXBuildFile; fileRef = 887A11A315295E59006F0A80 /* MapKit.framework */; };
		887A11AF15295F58006F0A80 /* MAConfirmButton.m in Sources */ = {isa = PBXBuildFile; fileRef = 887A11AC15295F58006F0A80 /* MAConfirmButton.m */; };
		887A11B015295F59006F0A80 /* UIColor-Expanded.m in Sources */ = {isa = PBXBuildFile; fileRef = 887A11AE15295F58006F0A80 /* UIColor-Expanded.m */; };
		887A11BD15296343006F0A80 /* SVProgressHUD.bundle in Resources */ = {isa = PBXBuildFile; fileRef = 887A11BA15296343006F0A80 /* SVProgressHUD.bundle */; };
		887A11BE15296343006F0A80 /* SVProgressHUD.m in Sources */ = {isa = PBXBuildFile; fileRef = 887A11BC15296343006F0A80 /* SVProgressHUD.m */; settings = {COMPILER_FLAGS = "-fno-objc-arc"; }; };
		887A11C915297226006F0A80 /* SWSettingsViewController.m in Sources */ = {isa = PBXBuildFile; fileRef = 887A11C815297226006F0A80 /* SWSettingsViewController.m */; };
/* End PBXBuildFile section */

/* Begin PBXFileReference section */
		8810DB611523974A00FD2779 /* avatar@2x.png */ = {isa = PBXFileReference; lastKnownFileType = image.png; path = "avatar@2x.png"; sourceTree = "<group>"; };
		8810DB621523974A00FD2779 /* avatar.png */ = {isa = PBXFileReference; lastKnownFileType = image.png; path = avatar.png; sourceTree = "<group>"; };
		881D8BAD15219F66002E550C /* SWSignUpViewController.h */ = {isa = PBXFileReference; fileEncoding = 4; lastKnownFileType = sourcecode.c.h; path = SWSignUpViewController.h; sourceTree = "<group>"; };
		881D8BAE15219F66002E550C /* SWSignUpViewController.m */ = {isa = PBXFileReference; fileEncoding = 4; lastKnownFileType = sourcecode.c.objc; path = SWSignUpViewController.m; sourceTree = "<group>"; };
		881D8BB015219F74002E550C /* SWLoginViewController.h */ = {isa = PBXFileReference; fileEncoding = 4; lastKnownFileType = sourcecode.c.h; path = SWLoginViewController.h; sourceTree = "<group>"; };
		881D8BB115219F74002E550C /* SWLoginViewController.m */ = {isa = PBXFileReference; fileEncoding = 4; lastKnownFileType = sourcecode.c.objc; path = SWLoginViewController.m; sourceTree = "<group>"; };
		881D8BBD15226E09002E550C /* logo@2x.png */ = {isa = PBXFileReference; lastKnownFileType = image.png; path = "logo@2x.png"; sourceTree = "<group>"; };
		881D8BBF15226E0C002E550C /* logo.png */ = {isa = PBXFileReference; lastKnownFileType = image.png; path = logo.png; sourceTree = "<group>"; };
		881D8BC115227062002E550C /* SWFriendListTableViewController.h */ = {isa = PBXFileReference; fileEncoding = 4; lastKnownFileType = sourcecode.c.h; path = SWFriendListTableViewController.h; sourceTree = "<group>"; };
		881D8BC215227062002E550C /* SWFriendListTableViewController.m */ = {isa = PBXFileReference; fileEncoding = 4; lastKnownFileType = sourcecode.c.objc; path = SWFriendListTableViewController.m; sourceTree = "<group>"; };
		881D8BCF152278E8002E550C /* SWFriendCell.h */ = {isa = PBXFileReference; fileEncoding = 4; lastKnownFileType = sourcecode.c.h; path = SWFriendCell.h; sourceTree = "<group>"; };
		881D8BD0152278E8002E550C /* SWFriendCell.m */ = {isa = PBXFileReference; fileEncoding = 4; lastKnownFileType = sourcecode.c.objc; path = SWFriendCell.m; sourceTree = "<group>"; };
		88462640152120420066A45F /* Friendar.app */ = {isa = PBXFileReference; explicitFileType = wrapper.application; includeInIndex = 0; path = Friendar.app; sourceTree = BUILT_PRODUCTS_DIR; };
		88462644152120420066A45F /* UIKit.framework */ = {isa = PBXFileReference; lastKnownFileType = wrapper.framework; name = UIKit.framework; path = System/Library/Frameworks/UIKit.framework; sourceTree = SDKROOT; };
		88462646152120420066A45F /* Foundation.framework */ = {isa = PBXFileReference; lastKnownFileType = wrapper.framework; name = Foundation.framework; path = System/Library/Frameworks/Foundation.framework; sourceTree = SDKROOT; };
		88462648152120420066A45F /* CoreGraphics.framework */ = {isa = PBXFileReference; lastKnownFileType = wrapper.framework; name = CoreGraphics.framework; path = System/Library/Frameworks/CoreGraphics.framework; sourceTree = SDKROOT; };
		8846264C152120420066A45F /* Friendar-Info.plist */ = {isa = PBXFileReference; lastKnownFileType = text.plist.xml; path = "Friendar-Info.plist"; sourceTree = "<group>"; };
		8846264E152120420066A45F /* en */ = {isa = PBXFileReference; lastKnownFileType = text.plist.strings; name = en; path = en.lproj/InfoPlist.strings; sourceTree = "<group>"; };
		88462650152120420066A45F /* main.m */ = {isa = PBXFileReference; lastKnownFileType = sourcecode.c.objc; path = main.m; sourceTree = "<group>"; };
		88462652152120420066A45F /* Friendar-Prefix.pch */ = {isa = PBXFileReference; lastKnownFileType = sourcecode.c.h; path = "Friendar-Prefix.pch"; sourceTree = "<group>"; };
		88462653152120420066A45F /* SWAppDelegate.h */ = {isa = PBXFileReference; lastKnownFileType = sourcecode.c.h; path = SWAppDelegate.h; sourceTree = "<group>"; };
		88462654152120420066A45F /* SWAppDelegate.m */ = {isa = PBXFileReference; lastKnownFileType = sourcecode.c.objc; path = SWAppDelegate.m; sourceTree = "<group>"; };
		88462657152120420066A45F /* en */ = {isa = PBXFileReference; lastKnownFileType = file.storyboard; name = en; path = en.lproj/MainStoryboard.storyboard; sourceTree = "<group>"; };
		88462670152121C10066A45F /* CFNetwork.framework */ = {isa = PBXFileReference; lastKnownFileType = wrapper.framework; name = CFNetwork.framework; path = System/Library/Frameworks/CFNetwork.framework; sourceTree = SDKROOT; };
		88462674152121CF0066A45F /* CoreLocation.framework */ = {isa = PBXFileReference; lastKnownFileType = wrapper.framework; name = CoreLocation.framework; path = System/Library/Frameworks/CoreLocation.framework; sourceTree = SDKROOT; };
		88462680152125C80066A45F /* settings.png */ = {isa = PBXFileReference; lastKnownFileType = image.png; path = settings.png; sourceTree = "<group>"; };
		88462681152125C80066A45F /* settings@2x.png */ = {isa = PBXFileReference; lastKnownFileType = image.png; path = "settings@2x.png"; sourceTree = "<group>"; };
		88462684152129B30066A45F /* Parse.framework */ = {isa = PBXFileReference; lastKnownFileType = wrapper.framework; name = Parse.framework; path = Friendar/Parse.framework; sourceTree = "<group>"; };
		8849F7841529787200B2BE98 /* radar.png */ = {isa = PBXFileReference; lastKnownFileType = image.png; path = radar.png; sourceTree = "<group>"; };
		8849F7871529787600B2BE98 /* radar@2x.png */ = {isa = PBXFileReference; lastKnownFileType = image.png; path = "radar@2x.png"; sourceTree = "<group>"; };
		8849F7941529860D00B2BE98 /* SWUserDetailViewController.h */ = {isa = PBXFileReference; fileEncoding = 4; lastKnownFileType = sourcecode.c.h; path = SWUserDetailViewController.h; sourceTree = "<group>"; };
		8849F7951529860D00B2BE98 /* SWUserDetailViewController.m */ = {isa = PBXFileReference; fileEncoding = 4; lastKnownFileType = sourcecode.c.objc; path = SWUserDetailViewController.m; sourceTree = "<group>"; };
		8849F79B15298FB800B2BE98 /* SWFriendRequestViewController.h */ = {isa = PBXFileReference; fileEncoding = 4; lastKnownFileType = sourcecode.c.h; path = SWFriendRequestViewController.h; sourceTree = "<group>"; };
		8849F79C15298FB800B2BE98 /* SWFriendRequestViewController.m */ = {isa = PBXFileReference; fileEncoding = 4; lastKnownFileType = sourcecode.c.objc; path = SWFriendRequestViewController.m; sourceTree = "<group>"; };
		8849F7A3152A126000B2BE98 /* button_gloss_pressed.png */ = {isa = PBXFileReference; lastKnownFileType = image.png; path = button_gloss_pressed.png; sourceTree = "<group>"; };
		8849F7A4152A126000B2BE98 /* button_gloss_pressed@2x.png */ = {isa = PBXFileReference; lastKnownFileType = image.png; path = "button_gloss_pressed@2x.png"; sourceTree = "<group>"; };
		8849F7A5152A126000B2BE98 /* button_gloss.png */ = {isa = PBXFileReference; lastKnownFileType = image.png; path = button_gloss.png; sourceTree = "<group>"; };
		8849F7A6152A126000B2BE98 /* button_gloss@2x.png */ = {isa = PBXFileReference; lastKnownFileType = image.png; path = "button_gloss@2x.png"; sourceTree = "<group>"; };
		8849F7AB152A19A300B2BE98 /* button_gloss_full.png */ = {isa = PBXFileReference; lastKnownFileType = image.png; path = button_gloss_full.png; sourceTree = "<group>"; };
		8849F7AD152A29EE00B2BE98 /* SWPingDetailViewController.h */ = {isa = PBXFileReference; fileEncoding = 4; lastKnownFileType = sourcecode.c.h; path = SWPingDetailViewController.h; sourceTree = "<group>"; };
		8849F7AE152A29EF00B2BE98 /* SWPingDetailViewController.m */ = {isa = PBXFileReference; fileEncoding = 4; lastKnownFileType = sourcecode.c.objc; path = SWPingDetailViewController.m; sourceTree = "<group>"; };
		8849F7B4152A30B400B2BE98 /* facebookLogo.png */ = {isa = PBXFileReference; lastKnownFileType = image.png; path = facebookLogo.png; sourceTree = "<group>"; };
		8849F7B6152A324A00B2BE98 /* fbLogoSpaced.png */ = {isa = PBXFileReference; lastKnownFileType = image.png; path = fbLogoSpaced.png; sourceTree = "<group>"; };
		8849F7B8152A32EC00B2BE98 /* fbLogoSpaced@2x.png */ = {isa = PBXFileReference; lastKnownFileType = image.png; path = "fbLogoSpaced@2x.png"; sourceTree = "<group>"; };
		8849F7BB152A3CF700B2BE98 /* SWFindFriendsTableViewController.h */ = {isa = PBXFileReference; fileEncoding = 4; lastKnownFileType = sourcecode.c.h; path = SWFindFriendsTableViewController.h; sourceTree = "<group>"; };
		8849F7BC152A3CF700B2BE98 /* SWFindFriendsTableViewController.m */ = {isa = PBXFileReference; fileEncoding = 4; lastKnownFileType = sourcecode.c.objc; path = SWFindFriendsTableViewController.m; sourceTree = "<group>"; };
		8849F7BE152A3DF600B2BE98 /* SWAddFriendCell.h */ = {isa = PBXFileReference; fileEncoding = 4; lastKnownFileType = sourcecode.c.h; path = SWAddFriendCell.h; sourceTree = "<group>"; };
		8849F7BF152A3DF600B2BE98 /* SWAddFriendCell.m */ = {isa = PBXFileReference; fileEncoding = 4; lastKnownFileType = sourcecode.c.objc; path = SWAddFriendCell.m; sourceTree = "<group>"; };
		8849F7C5152A440E00B2BE98 /* Default.png */ = {isa = PBXFileReference; lastKnownFileType = image.png; path = Default.png; sourceTree = "<group>"; };
		8849F7C7152A441200B2BE98 /* Default@2x.png */ = {isa = PBXFileReference; lastKnownFileType = image.png; path = "Default@2x.png"; sourceTree = "<group>"; };
		887A118F15295AC0006F0A80 /* QuartzCore.framework */ = {isa = PBXFileReference; lastKnownFileType = wrapper.framework; name = QuartzCore.framework; path = System/Library/Frameworks/QuartzCore.framework; sourceTree = SDKROOT; };
		887A119215295CEA006F0A80 /* AudioToolbox.framework */ = {isa = PBXFileReference; lastKnownFileType = wrapper.framework; name = AudioToolbox.framework; path = System/Library/Frameworks/AudioToolbox.framework; sourceTree = SDKROOT; };
		887A119515295CF8006F0A80 /* SystemConfiguration.framework */ = {isa = PBXFileReference; lastKnownFileType = wrapper.framework; name = SystemConfiguration.framework; path = System/Library/Frameworks/SystemConfiguration.framework; sourceTree = SDKROOT; };
		887A119715295CFD006F0A80 /* MobileCoreServices.framework */ = {isa = PBXFileReference; lastKnownFileType = wrapper.framework; name = MobileCoreServices.framework; path = System/Library/Frameworks/MobileCoreServices.framework; sourceTree = SDKROOT; };
		887A119A15295D0A006F0A80 /* libz.1.1.3.dylib */ = {isa = PBXFileReference; lastKnownFileType = "compiled.mach-o.dylib"; name = libz.1.1.3.dylib; path = usr/lib/libz.1.1.3.dylib; sourceTree = SDKROOT; };
		887A119C15295D0F006F0A80 /* Security.framework */ = {isa = PBXFileReference; lastKnownFileType = wrapper.framework; name = Security.framework; path = System/Library/Frameworks/Security.framework; sourceTree = SDKROOT; };
		887A11A315295E59006F0A80 /* MapKit.framework */ = {isa = PBXFileReference; lastKnownFileType = wrapper.framework; name = MapKit.framework; path = System/Library/Frameworks/MapKit.framework; sourceTree = SDKROOT; };
		887A11AB15295F58006F0A80 /* MAConfirmButton.h */ = {isa = PBXFileReference; fileEncoding = 4; lastKnownFileType = sourcecode.c.h; path = MAConfirmButton.h; sourceTree = "<group>"; };
		887A11AC15295F58006F0A80 /* MAConfirmButton.m */ = {isa = PBXFileReference; fileEncoding = 4; lastKnownFileType = sourcecode.c.objc; path = MAConfirmButton.m; sourceTree = "<group>"; };
		887A11AD15295F58006F0A80 /* UIColor-Expanded.h */ = {isa = PBXFileReference; fileEncoding = 4; lastKnownFileType = sourcecode.c.h; path = "UIColor-Expanded.h"; sourceTree = "<group>"; };
		887A11AE15295F58006F0A80 /* UIColor-Expanded.m */ = {isa = PBXFileReference; fileEncoding = 4; lastKnownFileType = sourcecode.c.objc; path = "UIColor-Expanded.m"; sourceTree = "<group>"; };
		887A11BA15296343006F0A80 /* SVProgressHUD.bundle */ = {isa = PBXFileReference; lastKnownFileType = "wrapper.plug-in"; path = SVProgressHUD.bundle; sourceTree = "<group>"; };
		887A11BB15296343006F0A80 /* SVProgressHUD.h */ = {isa = PBXFileReference; fileEncoding = 4; lastKnownFileType = sourcecode.c.h; path = SVProgressHUD.h; sourceTree = "<group>"; };
		887A11BC15296343006F0A80 /* SVProgressHUD.m */ = {isa = PBXFileReference; fileEncoding = 4; lastKnownFileType = sourcecode.c.objc; path = SVProgressHUD.m; sourceTree = "<group>"; };
		887A11C715297225006F0A80 /* SWSettingsViewController.h */ = {isa = PBXFileReference; fileEncoding = 4; lastKnownFileType = sourcecode.c.h; path = SWSettingsViewController.h; sourceTree = "<group>"; };
		887A11C815297226006F0A80 /* SWSettingsViewController.m */ = {isa = PBXFileReference; fileEncoding = 4; lastKnownFileType = sourcecode.c.objc; path = SWSettingsViewController.m; sourceTree = "<group>"; };
/* End PBXFileReference section */

/* Begin PBXFrameworksBuildPhase section */
		8846263D152120420066A45F /* Frameworks */ = {
			isa = PBXFrameworksBuildPhase;
			buildActionMask = 2147483647;
			files = (
				887A11A515295E5D006F0A80 /* MapKit.framework in Frameworks */,
				887A119E15295D23006F0A80 /* Security.framework in Frameworks */,
				887A119F15295D23006F0A80 /* libz.1.1.3.dylib in Frameworks */,
				887A11A015295D23006F0A80 /* MobileCoreServices.framework in Frameworks */,
				887A11A115295D23006F0A80 /* SystemConfiguration.framework in Frameworks */,
				887A119315295CEA006F0A80 /* AudioToolbox.framework in Frameworks */,
				887A119415295CF0006F0A80 /* CFNetwork.framework in Frameworks */,
				887A119115295AD4006F0A80 /* CoreLocation.framework in Frameworks */,
				88462645152120420066A45F /* UIKit.framework in Frameworks */,
				887A119015295AC0006F0A80 /* QuartzCore.framework in Frameworks */,
				88462647152120420066A45F /* Foundation.framework in Frameworks */,
				887A11A215295D3D006F0A80 /* CoreGraphics.framework in Frameworks */,
				88462685152129B30066A45F /* Parse.framework in Frameworks */,
			);
			runOnlyForDeploymentPostprocessing = 0;
		};
/* End PBXFrameworksBuildPhase section */

/* Begin PBXGroup section */
		8810DB5F1523973E00FD2779 /* Images */ = {
			isa = PBXGroup;
			children = (
				8849F7A2152A124F00B2BE98 /* UI */,
				8810DB611523974A00FD2779 /* avatar@2x.png */,
				8810DB621523974A00FD2779 /* avatar.png */,
				88462680152125C80066A45F /* settings.png */,
				88462681152125C80066A45F /* settings@2x.png */,
			);
			name = Images;
			sourceTree = "<group>";
		};
		881D8BAB15219F4A002E550C /* Signup/login */ = {
			isa = PBXGroup;
			children = (
				881D8BAD15219F66002E550C /* SWSignUpViewController.h */,
				881D8BAE15219F66002E550C /* SWSignUpViewController.m */,
				881D8BB015219F74002E550C /* SWLoginViewController.h */,
				881D8BB115219F74002E550C /* SWLoginViewController.m */,
			);
			name = Signup/login;
			sourceTree = "<group>";
		};
		881D8BCE152278D0002E550C /* UIElements */ = {
			isa = PBXGroup;
			children = (
				881D8BCF152278E8002E550C /* SWFriendCell.h */,
				881D8BD0152278E8002E550C /* SWFriendCell.m */,
				8849F7BE152A3DF600B2BE98 /* SWAddFriendCell.h */,
				8849F7BF152A3DF600B2BE98 /* SWAddFriendCell.m */,
			);
			name = UIElements;
			sourceTree = "<group>";
		};
		88462635152120410066A45F = {
			isa = PBXGroup;
			children = (
				8849F7C7152A441200B2BE98 /* Default@2x.png */,
				8849F7C5152A440E00B2BE98 /* Default.png */,
				8849F7871529787600B2BE98 /* radar@2x.png */,
				8849F7841529787200B2BE98 /* radar.png */,
				881D8BBF15226E0C002E550C /* logo.png */,
				881D8BBD15226E09002E550C /* logo@2x.png */,
				8846264A152120420066A45F /* Friendar */,
				88462643152120420066A45F /* Frameworks */,
				88462641152120420066A45F /* Products */,
			);
			sourceTree = "<group>";
		};
		88462641152120420066A45F /* Products */ = {
			isa = PBXGroup;
			children = (
				88462640152120420066A45F /* Friendar.app */,
			);
			name = Products;
			sourceTree = "<group>";
		};
		88462643152120420066A45F /* Frameworks */ = {
			isa = PBXGroup;
			children = (
				88462684152129B30066A45F /* Parse.framework */,
				887A11A315295E59006F0A80 /* MapKit.framework */,
				887A119C15295D0F006F0A80 /* Security.framework */,
				887A119A15295D0A006F0A80 /* libz.1.1.3.dylib */,
				887A119715295CFD006F0A80 /* MobileCoreServices.framework */,
				887A119515295CF8006F0A80 /* SystemConfiguration.framework */,
				887A119215295CEA006F0A80 /* AudioToolbox.framework */,
				887A118F15295AC0006F0A80 /* QuartzCore.framework */,
				88462674152121CF0066A45F /* CoreLocation.framework */,
				88462670152121C10066A45F /* CFNetwork.framework */,
				88462644152120420066A45F /* UIKit.framework */,
				88462646152120420066A45F /* Foundation.framework */,
				88462648152120420066A45F /* CoreGraphics.framework */,
			);
			name = Frameworks;
			sourceTree = "<group>";
		};
		8846264A152120420066A45F /* Friendar */ = {
			isa = PBXGroup;
			children = (
				881D8BAB15219F4A002E550C /* Signup/login */,
				881D8BCE152278D0002E550C /* UIElements */,
				8849F7BA152A3CC900B2BE98 /* Settings */,
				88462653152120420066A45F /* SWAppDelegate.h */,
				88462654152120420066A45F /* SWAppDelegate.m */,
				881D8BC115227062002E550C /* SWFriendListTableViewController.h */,
				881D8BC215227062002E550C /* SWFriendListTableViewController.m */,
				8849F7AD152A29EE00B2BE98 /* SWPingDetailViewController.h */,
				8849F7AE152A29EF00B2BE98 /* SWPingDetailViewController.m */,
				8849F7941529860D00B2BE98 /* SWUserDetailViewController.h */,
				8849F7951529860D00B2BE98 /* SWUserDetailViewController.m */,
				88462656152120420066A45F /* MainStoryboard.storyboard */,
				887A11A915295F46006F0A80 /* External */,
				8810DB5F1523973E00FD2779 /* Images */,
				8846264B152120420066A45F /* Supporting Files */,
			);
			path = Friendar;
			sourceTree = "<group>";
		};
		8846264B152120420066A45F /* Supporting Files */ = {
			isa = PBXGroup;
			children = (
				8846264C152120420066A45F /* Friendar-Info.plist */,
				8846264D152120420066A45F /* InfoPlist.strings */,
				88462650152120420066A45F /* main.m */,
				88462652152120420066A45F /* Friendar-Prefix.pch */,
			);
			name = "Supporting Files";
			sourceTree = "<group>";
		};
		8849F7A2152A124F00B2BE98 /* UI */ = {
			isa = PBXGroup;
			children = (
				8849F7B6152A324A00B2BE98 /* fbLogoSpaced.png */,
				8849F7B8152A32EC00B2BE98 /* fbLogoSpaced@2x.png */,
				8849F7B4152A30B400B2BE98 /* facebookLogo.png */,
				8849F7A3152A126000B2BE98 /* button_gloss_pressed.png */,
				8849F7A4152A126000B2BE98 /* button_gloss_pressed@2x.png */,
				8849F7A5152A126000B2BE98 /* button_gloss.png */,
				8849F7A6152A126000B2BE98 /* button_gloss@2x.png */,
				8849F7AB152A19A300B2BE98 /* button_gloss_full.png */,
			);
			name = UI;
			sourceTree = "<group>";
		};
		8849F7BA152A3CC900B2BE98 /* Settings */ = {
			isa = PBXGroup;
			children = (
				887A11C715297225006F0A80 /* SWSettingsViewController.h */,
				887A11C815297226006F0A80 /* SWSettingsViewController.m */,
				8849F79B15298FB800B2BE98 /* SWFriendRequestViewController.h */,
				8849F79C15298FB800B2BE98 /* SWFriendRequestViewController.m */,
				8849F7BB152A3CF700B2BE98 /* SWFindFriendsTableViewController.h */,
				8849F7BC152A3CF700B2BE98 /* SWFindFriendsTableViewController.m */,
			);
			name = Settings;
			sourceTree = "<group>";
		};
		887A11A915295F46006F0A80 /* External */ = {
			isa = PBXGroup;
			children = (
				887A11B915296343006F0A80 /* SVProgressHUD */,
				887A11AA15295F58006F0A80 /* MAConfirmButton */,
			);
			name = External;
			sourceTree = "<group>";
		};
		887A11AA15295F58006F0A80 /* MAConfirmButton */ = {
			isa = PBXGroup;
			children = (
				887A11AB15295F58006F0A80 /* MAConfirmButton.h */,
				887A11AC15295F58006F0A80 /* MAConfirmButton.m */,
				887A11AD15295F58006F0A80 /* UIColor-Expanded.h */,
				887A11AE15295F58006F0A80 /* UIColor-Expanded.m */,
			);
			path = MAConfirmButton;
			sourceTree = "<group>";
		};
		887A11B915296343006F0A80 /* SVProgressHUD */ = {
			isa = PBXGroup;
			children = (
				887A11BA15296343006F0A80 /* SVProgressHUD.bundle */,
				887A11BB15296343006F0A80 /* SVProgressHUD.h */,
				887A11BC15296343006F0A80 /* SVProgressHUD.m */,
			);
			path = SVProgressHUD;
			sourceTree = "<group>";
		};
/* End PBXGroup section */

/* Begin PBXNativeTarget section */
		8846263F152120420066A45F /* Friendar */ = {
			isa = PBXNativeTarget;
			buildConfigurationList = 8846265E152120420066A45F /* Build configuration list for PBXNativeTarget "Friendar" */;
			buildPhases = (
				8846263C152120420066A45F /* Sources */,
				8846263D152120420066A45F /* Frameworks */,
				8846263E152120420066A45F /* Resources */,
			);
			buildRules = (
			);
			dependencies = (
			);
			name = Friendar;
			productName = Friendar;
			productReference = 88462640152120420066A45F /* Friendar.app */;
			productType = "com.apple.product-type.application";
		};
/* End PBXNativeTarget section */

/* Begin PBXProject section */
		88462637152120410066A45F /* Project object */ = {
			isa = PBXProject;
			attributes = {
				CLASSPREFIX = SW;
				LastUpgradeCheck = 0430;
			};
			buildConfigurationList = 8846263A152120410066A45F /* Build configuration list for PBXProject "Friendar" */;
			compatibilityVersion = "Xcode 3.2";
			developmentRegion = English;
			hasScannedForEncodings = 0;
			knownRegions = (
				en,
			);
			mainGroup = 88462635152120410066A45F;
			productRefGroup = 88462641152120420066A45F /* Products */;
			projectDirPath = "";
			projectRoot = "";
			targets = (
				8846263F152120420066A45F /* Friendar */,
			);
		};
/* End PBXProject section */

/* Begin PBXResourcesBuildPhase section */
		8846263E152120420066A45F /* Resources */ = {
			isa = PBXResourcesBuildPhase;
			buildActionMask = 2147483647;
			files = (
				8846264F152120420066A45F /* InfoPlist.strings in Resources */,
				88462658152120420066A45F /* MainStoryboard.storyboard in Resources */,
				88462682152125C80066A45F /* settings.png in Resources */,
				88462683152125C80066A45F /* settings@2x.png in Resources */,
				881D8BBE15226E09002E550C /* logo@2x.png in Resources */,
				881D8BC015226E0C002E550C /* logo.png in Resources */,
				8810DB631523974A00FD2779 /* avatar@2x.png in Resources */,
				8810DB641523974A00FD2779 /* avatar.png in Resources */,
				887A11BD15296343006F0A80 /* SVProgressHUD.bundle in Resources */,
				8849F7851529787200B2BE98 /* radar.png in Resources */,
				8849F7881529787600B2BE98 /* radar@2x.png in Resources */,
				8849F7A7152A126000B2BE98 /* button_gloss_pressed.png in Resources */,
				8849F7A8152A126000B2BE98 /* button_gloss_pressed@2x.png in Resources */,
				8849F7A9152A126000B2BE98 /* button_gloss.png in Resources */,
				8849F7AA152A126000B2BE98 /* button_gloss@2x.png in Resources */,
				8849F7AC152A19A300B2BE98 /* button_gloss_full.png in Resources */,
				8849F7B5152A30B400B2BE98 /* facebookLogo.png in Resources */,
				8849F7B7152A324A00B2BE98 /* fbLogoSpaced.png in Resources */,
				8849F7B9152A32EC00B2BE98 /* fbLogoSpaced@2x.png in Resources */,
				8849F7C6152A440F00B2BE98 /* Default.png in Resources */,
				8849F7C8152A441200B2BE98 /* Default@2x.png in Resources */,
			);
			runOnlyForDeploymentPostprocessing = 0;
		};
/* End PBXResourcesBuildPhase section */

/* Begin PBXSourcesBuildPhase section */
		8846263C152120420066A45F /* Sources */ = {
			isa = PBXSourcesBuildPhase;
			buildActionMask = 2147483647;
			files = (
				88462651152120420066A45F /* main.m in Sources */,
				88462655152120420066A45F /* SWAppDelegate.m in Sources */,
				881D8BAF15219F66002E550C /* SWSignUpViewController.m in Sources */,
				881D8BB215219F74002E550C /* SWLoginViewController.m in Sources */,
				881D8BC315227062002E550C /* SWFriendListTableViewController.m in Sources */,
				881D8BD1152278E8002E550C /* SWFriendCell.m in Sources */,
				887A11AF15295F58006F0A80 /* MAConfirmButton.m in Sources */,
				887A11B015295F59006F0A80 /* UIColor-Expanded.m in Sources */,
				887A11BE15296343006F0A80 /* SVProgressHUD.m in Sources */,
				887A11C915297226006F0A80 /* SWSettingsViewController.m in Sources */,
				8849F7961529860D00B2BE98 /* SWUserDetailViewController.m in Sources */,
				8849F79D15298FB800B2BE98 /* SWFriendRequestViewController.m in Sources */,
				8849F7AF152A29EF00B2BE98 /* SWPingDetailViewController.m in Sources */,
				8849F7BD152A3CF700B2BE98 /* SWFindFriendsTableViewController.m in Sources */,
				8849F7C0152A3DF600B2BE98 /* SWAddFriendCell.m in Sources */,
			);
			runOnlyForDeploymentPostprocessing = 0;
		};
/* End PBXSourcesBuildPhase section */

/* Begin PBXVariantGroup section */
		8846264D152120420066A45F /* InfoPlist.strings */ = {
			isa = PBXVariantGroup;
			children = (
				8846264E152120420066A45F /* en */,
			);
			name = InfoPlist.strings;
			sourceTree = "<group>";
		};
		88462656152120420066A45F /* MainStoryboard.storyboard */ = {
			isa = PBXVariantGroup;
			children = (
				88462657152120420066A45F /* en */,
			);
			name = MainStoryboard.storyboard;
			sourceTree = "<group>";
		};
/* End PBXVariantGroup section */

/* Begin XCBuildConfiguration section */
		8846265C152120420066A45F /* Debug */ = {
			isa = XCBuildConfiguration;
			buildSettings = {
				ALWAYS_SEARCH_USER_PATHS = NO;
				ARCHS = "$(ARCHS_STANDARD_32_BIT)";
				CLANG_ENABLE_OBJC_ARC = YES;
				"CODE_SIGN_IDENTITY[sdk=iphoneos*]" = "iPhone Developer";
				COPY_PHASE_STRIP = NO;
				GCC_C_LANGUAGE_STANDARD = gnu99;
				GCC_DYNAMIC_NO_PIC = NO;
				GCC_OPTIMIZATION_LEVEL = 0;
				GCC_PREPROCESSOR_DEFINITIONS = (
					"DEBUG=1",
					"$(inherited)",
				);
				GCC_SYMBOLS_PRIVATE_EXTERN = NO;
				GCC_VERSION = com.apple.compilers.llvm.clang.1_0;
				GCC_WARN_ABOUT_RETURN_TYPE = YES;
				GCC_WARN_UNINITIALIZED_AUTOS = YES;
				GCC_WARN_UNUSED_VARIABLE = YES;
				IPHONEOS_DEPLOYMENT_TARGET = 5.1;
				SDKROOT = iphoneos;
			};
			name = Debug;
		};
		8846265D152120420066A45F /* Release */ = {
			isa = XCBuildConfiguration;
			buildSettings = {
				ALWAYS_SEARCH_USER_PATHS = NO;
				ARCHS = "$(ARCHS_STANDARD_32_BIT)";
				CLANG_ENABLE_OBJC_ARC = YES;
				"CODE_SIGN_IDENTITY[sdk=iphoneos*]" = "iPhone Developer";
				COPY_PHASE_STRIP = YES;
				GCC_C_LANGUAGE_STANDARD = gnu99;
				GCC_VERSION = com.apple.compilers.llvm.clang.1_0;
				GCC_WARN_ABOUT_RETURN_TYPE = YES;
				GCC_WARN_UNINITIALIZED_AUTOS = YES;
				GCC_WARN_UNUSED_VARIABLE = YES;
				IPHONEOS_DEPLOYMENT_TARGET = 5.1;
				OTHER_CFLAGS = "-DNS_BLOCK_ASSERTIONS=1";
				SDKROOT = iphoneos;
				VALIDATE_PRODUCT = YES;
			};
			name = Release;
		};
		8846265F152120420066A45F /* Debug */ = {
			isa = XCBuildConfiguration;
			buildSettings = {
				CODE_SIGN_IDENTITY = "iPhone Developer";
				FRAMEWORK_SEARCH_PATHS = (
					"$(inherited)",
					"\"$(SRCROOT)/Friendar\"",
					"\"$(SRCROOT)/../../../Desktop\"",
					"\"$(SRCROOT)/../../../Library/Developer/Xcode/DerivedData/AloharSDKWorkspace-ffveuokllqwnrmguvywqdtsfsfhj/Build/Products/Debug-iphoneos\"",
				);
				GCC_PRECOMPILE_PREFIX_HEADER = YES;
				GCC_PREFIX_HEADER = "Friendar/Friendar-Prefix.pch";
				INFOPLIST_FILE = "Friendar/Friendar-Info.plist";
				LIBRARY_SEARCH_PATHS = (
					"$(inherited)",
					"\"$(SRCROOT)/Friendar/Alohar002\"",
				);
				OTHER_LDFLAGS = "";
				PRODUCT_NAME = "$(TARGET_NAME)";
				PROVISIONING_PROFILE = "";
				WRAPPER_EXTENSION = app;
			};
			name = Debug;
		};
		88462660152120420066A45F /* Release */ = {
			isa = XCBuildConfiguration;
			buildSettings = {
				CODE_SIGN_IDENTITY = "iPhone Developer";
				FRAMEWORK_SEARCH_PATHS = (
					"$(inherited)",
					"\"$(SRCROOT)/Friendar\"",
					"\"$(SRCROOT)/../../../Desktop\"",
					"\"$(SRCROOT)/../../../Library/Developer/Xcode/DerivedData/AloharSDKWorkspace-ffveuokllqwnrmguvywqdtsfsfhj/Build/Products/Debug-iphoneos\"",
				);
				GCC_PRECOMPILE_PREFIX_HEADER = YES;
				GCC_PREFIX_HEADER = "Friendar/Friendar-Prefix.pch";
				INFOPLIST_FILE = "Friendar/Friendar-Info.plist";
				LIBRARY_SEARCH_PATHS = (
					"$(inherited)",
					"\"$(SRCROOT)/Friendar/Alohar002\"",
				);
				OTHER_LDFLAGS = "";
				PRODUCT_NAME = "$(TARGET_NAME)";
				PROVISIONING_PROFILE = "";
				WRAPPER_EXTENSION = app;
			};
			name = Release;
		};
/* End XCBuildConfiguration section */

/* Begin XCConfigurationList section */
		8846263A152120410066A45F /* Build configuration list for PBXProject "Friendar" */ = {
			isa = XCConfigurationList;
			buildConfigurations = (
				8846265C152120420066A45F /* Debug */,
				8846265D152120420066A45F /* Release */,
			);
			defaultConfigurationIsVisible = 0;
			defaultConfigurationName = Release;
		};
		8846265E152120420066A45F /* Build configuration list for PBXNativeTarget "Friendar" */ = {
			isa = XCConfigurationList;
			buildConfigurations = (
				8846265F152120420066A45F /* Debug */,
				88462660152120420066A45F /* Release */,
			);
			defaultConfigurationIsVisible = 0;
			defaultConfigurationName = Release;
		};
/* End XCConfigurationList section */
	};
	rootObject = 88462637152120410066A45F /* Project object */;
}
